
Microsoft Visual Studio Solution File, Format Version 12.00
# Visual Studio Version 16
VisualStudioVersion = 16.0.29009.5
MinimumVisualStudioVersion = 10.0.40219.1
Project("{9A19103F-16F7-4668-BE54-9A1E7A4F7556}") = "Grimware.Common", "src\Grimware.Common\Grimware.Common.csproj", "{52788786-32F1-481D-A62E-A0004AF86D37}"
EndProject
Project("{2150E333-8FDC-42A3-9474-1A3956D46DE8}") = "Solution Items", "Solution Items", "{1F2E2BC1-9DF8-483D-B61D-B4011BC1CCCC}"
	ProjectSection(SolutionItems) = preProject
		.editorconfig = .editorconfig
		Grimware.Common.sln.DotSettings = Grimware.Common.sln.DotSettings
		Grimware.Common.snk = Grimware.Common.snk
		LICENSE = LICENSE
		README.md = README.md
	EndProjectSection
EndProject
Project("{2150E333-8FDC-42A3-9474-1A3956D46DE8}") = "Shared", "Shared", "{C1D2373E-4240-4C02-9EB6-67A6C67552F7}"
	ProjectSection(SolutionItems) = preProject
		src\Shared\nuget.props = src\Shared\nuget.props
	EndProjectSection
EndProject
Project("{2150E333-8FDC-42A3-9474-1A3956D46DE8}") = "build", "build", "{C961FCE2-1556-47A5-BD06-2290401E3868}"
	ProjectSection(SolutionItems) = preProject
		build\azure-pipelines-ci.yml = build\azure-pipelines-ci.yml
		build\azure-pipelines-cicd.yml = build\azure-pipelines-cicd.yml
		build\azure-pipelines-gated.yml = build\azure-pipelines-gated.yml
	EndProjectSection
EndProject
Project("{2150E333-8FDC-42A3-9474-1A3956D46DE8}") = "docs", "docs", "{506F4ED8-1F42-4140-B8AC-DF8BFBAB7857}"
EndProject
Project("{2150E333-8FDC-42A3-9474-1A3956D46DE8}") = "src", "src", "{A8FA3E76-E615-42BB-A439-C85773ECD24D}"
EndProject
Project("{2150E333-8FDC-42A3-9474-1A3956D46DE8}") = "tests", "tests", "{6F7E38E0-DA33-472B-B491-FCC028FDEDE9}"
EndProject
Project("{D954291E-2A0B-460D-934E-DC6B0785DB48}") = "Grimware.Common.UnitTests.Shared", "tests\Grimware.Common.UnitTests.Shared\Grimware.Common.UnitTests.Shared.shproj", "{D5B64700-789A-46D5-9D15-C7A2EC8E3DB2}"
EndProject
Project("{9A19103F-16F7-4668-BE54-9A1E7A4F7556}") = "Grimware.Common.UnitTests.NetCoreApp21", "tests\Grimware.Common.UnitTests.NetCoreApp21\Grimware.Common.UnitTests.NetCoreApp21.csproj", "{0038D2A7-7828-45CD-94A9-1DA891361257}"
EndProject
Project("{9A19103F-16F7-4668-BE54-9A1E7A4F7556}") = "Grimware.Common.UnitTests.Net461", "tests\Grimware.Common.UnitTests.Net461\Grimware.Common.UnitTests.Net461.csproj", "{879AAF4E-3B8B-4C5C-BB59-F4535602784F}"
EndProject
Global
	GlobalSection(SharedMSBuildProjectFiles) = preSolution
		tests\Grimware.Common.UnitTests.Shared\Grimware.Common.UnitTests.Shared.projitems*{d5b64700-789a-46d5-9d15-c7a2ec8e3db2}*SharedItemsImports = 13
	EndGlobalSection
	GlobalSection(SolutionConfigurationPlatforms) = preSolution
		Debug|Any CPU = Debug|Any CPU
		Debug|x64 = Debug|x64
		Debug|x86 = Debug|x86
		Release|Any CPU = Release|Any CPU
		Release|x64 = Release|x64
		Release|x86 = Release|x86
	EndGlobalSection
	GlobalSection(ProjectConfigurationPlatforms) = postSolution
		{52788786-32F1-481D-A62E-A0004AF86D37}.Debug|Any CPU.ActiveCfg = Debug|Any CPU
		{52788786-32F1-481D-A62E-A0004AF86D37}.Debug|Any CPU.Build.0 = Debug|Any CPU
		{52788786-32F1-481D-A62E-A0004AF86D37}.Debug|x64.ActiveCfg = Debug|x64
		{52788786-32F1-481D-A62E-A0004AF86D37}.Debug|x64.Build.0 = Debug|x64
		{52788786-32F1-481D-A62E-A0004AF86D37}.Debug|x86.ActiveCfg = Debug|Any CPU
		{52788786-32F1-481D-A62E-A0004AF86D37}.Debug|x86.Build.0 = Debug|Any CPU
		{52788786-32F1-481D-A62E-A0004AF86D37}.Release|Any CPU.ActiveCfg = Release|Any CPU
		{52788786-32F1-481D-A62E-A0004AF86D37}.Release|Any CPU.Build.0 = Release|Any CPU
		{52788786-32F1-481D-A62E-A0004AF86D37}.Release|x64.ActiveCfg = Release|x64
		{52788786-32F1-481D-A62E-A0004AF86D37}.Release|x64.Build.0 = Release|x64
		{52788786-32F1-481D-A62E-A0004AF86D37}.Release|x86.ActiveCfg = Release|Any CPU
		{52788786-32F1-481D-A62E-A0004AF86D37}.Release|x86.Build.0 = Release|Any CPU
		{0038D2A7-7828-45CD-94A9-1DA891361257}.Debug|Any CPU.ActiveCfg = Debug|Any CPU
		{0038D2A7-7828-45CD-94A9-1DA891361257}.Debug|Any CPU.Build.0 = Debug|Any CPU
		{0038D2A7-7828-45CD-94A9-1DA891361257}.Debug|x64.ActiveCfg = Debug|x64
		{0038D2A7-7828-45CD-94A9-1DA891361257}.Debug|x64.Build.0 = Debug|x64
		{0038D2A7-7828-45CD-94A9-1DA891361257}.Debug|x86.ActiveCfg = Debug|x86
		{0038D2A7-7828-45CD-94A9-1DA891361257}.Debug|x86.Build.0 = Debug|x86
		{0038D2A7-7828-45CD-94A9-1DA891361257}.Release|Any CPU.ActiveCfg = Release|Any CPU
		{0038D2A7-7828-45CD-94A9-1DA891361257}.Release|Any CPU.Build.0 = Release|Any CPU
		{0038D2A7-7828-45CD-94A9-1DA891361257}.Release|x64.ActiveCfg = Release|x64
		{0038D2A7-7828-45CD-94A9-1DA891361257}.Release|x64.Build.0 = Release|x64
		{0038D2A7-7828-45CD-94A9-1DA891361257}.Release|x86.ActiveCfg = Release|x86
		{0038D2A7-7828-45CD-94A9-1DA891361257}.Release|x86.Build.0 = Release|x86
		{879AAF4E-3B8B-4C5C-BB59-F4535602784F}.Debug|Any CPU.ActiveCfg = Debug|Any CPU
		{879AAF4E-3B8B-4C5C-BB59-F4535602784F}.Debug|Any CPU.Build.0 = Debug|Any CPU
		{879AAF4E-3B8B-4C5C-BB59-F4535602784F}.Debug|x64.ActiveCfg = Debug|x64
		{879AAF4E-3B8B-4C5C-BB59-F4535602784F}.Debug|x64.Build.0 = Debug|x64
		{879AAF4E-3B8B-4C5C-BB59-F4535602784F}.Debug|x86.ActiveCfg = Debug|x86
		{879AAF4E-3B8B-4C5C-BB59-F4535602784F}.Debug|x86.Build.0 = Debug|x86
		{879AAF4E-3B8B-4C5C-BB59-F4535602784F}.Release|Any CPU.ActiveCfg = Release|Any CPU
		{879AAF4E-3B8B-4C5C-BB59-F4535602784F}.Release|Any CPU.Build.0 = Release|Any CPU
		{879AAF4E-3B8B-4C5C-BB59-F4535602784F}.Release|x64.ActiveCfg = Release|x64
		{879AAF4E-3B8B-4C5C-BB59-F4535602784F}.Release|x64.Build.0 = Release|x64
		{879AAF4E-3B8B-4C5C-BB59-F4535602784F}.Release|x86.ActiveCfg = Release|x86
		{879AAF4E-3B8B-4C5C-BB59-F4535602784F}.Release|x86.Build.0 = Release|x86
	EndGlobalSection
	GlobalSection(SolutionProperties) = preSolution
		HideSolutionNode = FALSE
	EndGlobalSection
	GlobalSection(NestedProjects) = preSolution
		{52788786-32F1-481D-A62E-A0004AF86D37} = {A8FA3E76-E615-42BB-A439-C85773ECD24D}
		{C1D2373E-4240-4C02-9EB6-67A6C67552F7} = {A8FA3E76-E615-42BB-A439-C85773ECD24D}
		{D5B64700-789A-46D5-9D15-C7A2EC8E3DB2} = {6F7E38E0-DA33-472B-B491-FCC028FDEDE9}
		{0038D2A7-7828-45CD-94A9-1DA891361257} = {6F7E38E0-DA33-472B-B491-FCC028FDEDE9}
		{879AAF4E-3B8B-4C5C-BB59-F4535602784F} = {6F7E38E0-DA33-472B-B491-FCC028FDEDE9}
	EndGlobalSection
	GlobalSection(ExtensibilityGlobals) = postSolution
		SolutionGuid = {2ED6ED67-1694-4DF5-8449-717C1D8EAC8F}
	EndGlobalSection
EndGlobal
